
Microsoft Visual Studio Solution File, Format Version 12.00
# Visual Studio Version 17
VisualStudioVersion = 17.1.32328.378
MinimumVisualStudioVersion = 10.0.40219.1
Project("{8BC9CEB8-8B4A-11D0-8D11-00A0C91BC942}") = "WinAPI", "WinAPI\WinAPI.vcxproj", "{1ACC7C8E-F7B4-4760-91C7-A0E82BCDFB61}"
EndProject
Project("{8BC9CEB8-8B4A-11D0-8D11-00A0C91BC942}") = "ComboBox", "ComboBox\ComboBox.vcxproj", "{616CF304-9B68-4596-A261-5777251D488F}"
EndProject
Project("{8BC9CEB8-8B4A-11D0-8D11-00A0C91BC942}") = "MainWindow", "MainWindow\MainWindow.vcxproj", "{902518FC-3CC1-4AD5-BCC8-81C5B8429F7E}"
EndProject
Project("{8BC9CEB8-8B4A-11D0-8D11-00A0C91BC942}") = "LB1", "LB1\LB1.vcxproj", "{9203B3E4-4528-420C-B599-83879DBA0A58}"
EndProject
Global
	GlobalSection(SolutionConfigurationPlatforms) = preSolution
		Debug|x64 = Debug|x64
		Debug|x86 = Debug|x86
		Release|x64 = Release|x64
		Release|x86 = Release|x86
	EndGlobalSection
	GlobalSection(ProjectConfigurationPlatforms) = postSolution
		{1ACC7C8E-F7B4-4760-91C7-A0E82BCDFB61}.Debug|x64.ActiveCfg = Debug|x64
		{1ACC7C8E-F7B4-4760-91C7-A0E82BCDFB61}.Debug|x64.Build.0 = Debug|x64
		{1ACC7C8E-F7B4-4760-91C7-A0E82BCDFB61}.Debug|x86.ActiveCfg = Debug|Win32
		{1ACC7C8E-F7B4-4760-91C7-A0E82BCDFB61}.Debug|x86.Build.0 = Debug|Win32
		{1ACC7C8E-F7B4-4760-91C7-A0E82BCDFB61}.Release|x64.ActiveCfg = Release|x64
		{1ACC7C8E-F7B4-4760-91C7-A0E82BCDFB61}.Release|x64.Build.0 = Release|x64
		{1ACC7C8E-F7B4-4760-91C7-A0E82BCDFB61}.Release|x86.ActiveCfg = Release|Win32
		{1ACC7C8E-F7B4-4760-91C7-A0E82BCDFB61}.Release|x86.Build.0 = Release|Win32
		{616CF304-9B68-4596-A261-5777251D488F}.Debug|x64.ActiveCfg = Debug|x64
		{616CF304-9B68-4596-A261-5777251D488F}.Debug|x64.Build.0 = Debug|x64
		{616CF304-9B68-4596-A261-5777251D488F}.Debug|x86.ActiveCfg = Debug|Win32
		{616CF304-9B68-4596-A261-5777251D488F}.Debug|x86.Build.0 = Debug|Win32
		{616CF304-9B68-4596-A261-5777251D488F}.Release|x64.ActiveCfg = Release|x64
		{616CF304-9B68-4596-A261-5777251D488F}.Release|x64.Build.0 = Release|x64
		{616CF304-9B68-4596-A261-5777251D488F}.Release|x86.ActiveCfg = Release|Win32
		{616CF304-9B68-4596-A261-5777251D488F}.Release|x86.Build.0 = Release|Win32
		{902518FC-3CC1-4AD5-BCC8-81C5B8429F7E}.Debug|x64.ActiveCfg = Debug|x64
		{902518FC-3CC1-4AD5-BCC8-81C5B8429F7E}.Debug|x64.Build.0 = Debug|x64
		{902518FC-3CC1-4AD5-BCC8-81C5B8429F7E}.Debug|x86.ActiveCfg = Debug|Win32
		{902518FC-3CC1-4AD5-BCC8-81C5B8429F7E}.Debug|x86.Build.0 = Debug|Win32
		{902518FC-3CC1-4AD5-BCC8-81C5B8429F7E}.Release|x64.ActiveCfg = Release|x64
		{902518FC-3CC1-4AD5-BCC8-81C5B8429F7E}.Release|x64.Build.0 = Release|x64
		{902518FC-3CC1-4AD5-BCC8-81C5B8429F7E}.Release|x86.ActiveCfg = Release|Win32
		{902518FC-3CC1-4AD5-BCC8-81C5B8429F7E}.Release|x86.Build.0 = Release|Win32
		{9203B3E4-4528-420C-B599-83879DBA0A58}.Debug|x64.ActiveCfg = Debug|x64
		{9203B3E4-4528-420C-B599-83879DBA0A58}.Debug|x64.Build.0 = Debug|x64
		{9203B3E4-4528-420C-B599-83879DBA0A58}.Debug|x86.ActiveCfg = Debug|Win32
		{9203B3E4-4528-420C-B599-83879DBA0A58}.Debug|x86.Build.0 = Debug|Win32
		{9203B3E4-4528-420C-B599-83879DBA0A58}.Release|x64.ActiveCfg = Release|x64
		{9203B3E4-4528-420C-B599-83879DBA0A58}.Release|x64.Build.0 = Release|x64
		{9203B3E4-4528-420C-B599-83879DBA0A58}.Release|x86.ActiveCfg = Release|Win32
		{9203B3E4-4528-420C-B599-83879DBA0A58}.Release|x86.Build.0 = Release|Win32
	EndGlobalSection
	GlobalSection(SolutionProperties) = preSolution
		HideSolutionNode = FALSE
	EndGlobalSection
	GlobalSection(ExtensibilityGlobals) = postSolution
		SolutionGuid = {38F3F148-077E-41A5-9464-64B96704F58E}
	EndGlobalSection
EndGlobal
